
Microsoft Visual Studio Solution File, Format Version 12.00
# Visual Studio Version 17
VisualStudioVersion = 17.13.35931.197
MinimumVisualStudioVersion = 10.0.40219.1
Project("{FAE04EC0-301F-11D3-BF4B-00C04F79EFBC}") = "ChefKnifeStudio.GrowYourDad", "ChefKnifeStudio.GrowYourDad.csproj", "{149B9920-25DB-406F-8A7B-378922824C60}"
EndProject
Global
	GlobalSection(SolutionConfigurationPlatforms) = preSolution
		Debug|Any CPU = Debug|Any CPU
		ExportDebug|Any CPU = ExportDebug|Any CPU
		ExportRelease|Any CPU = ExportRelease|Any CPU
	EndGlobalSection
	GlobalSection(ProjectConfigurationPlatforms) = postSolution
		{149B9920-25DB-406F-8A7B-378922824C60}.Debug|Any CPU.ActiveCfg = Debug|Any CPU
		{149B9920-25DB-406F-8A7B-378922824C60}.Debug|Any CPU.Build.0 = Debug|Any CPU
		{149B9920-25DB-406F-8A7B-378922824C60}.ExportDebug|Any CPU.ActiveCfg = ExportDebug|Any CPU
		{149B9920-25DB-406F-8A7B-378922824C60}.ExportDebug|Any CPU.Build.0 = ExportDebug|Any CPU
		{149B9920-25DB-406F-8A7B-378922824C60}.ExportRelease|Any CPU.ActiveCfg = ExportRelease|Any CPU
		{149B9920-25DB-406F-8A7B-378922824C60}.ExportRelease|Any CPU.Build.0 = ExportRelease|Any CPU
	EndGlobalSection
	GlobalSection(SolutionProperties) = preSolution
		HideSolutionNode = FALSE
	EndGlobalSection
	GlobalSection(ExtensibilityGlobals) = postSolution
		SolutionGuid = {194475CE-AD86-4700-B88B-D7228110CFBF}
	EndGlobalSection
EndGlobal
